
Microsoft Visual Studio Solution File, Format Version 12.00
# Visual Studio Version 16
VisualStudioVersion = 16.0.30621.155
MinimumVisualStudioVersion = 10.0.40219.1
Project("{9A19103F-16F7-4668-BE54-9A1E7A4F7556}") = "Ruuvi", "Ruuvi.csproj", "{B836BF47-0AA8-4DF5-BEC4-43EC9E4E975F}"
EndProject
Global
	GlobalSection(SolutionConfigurationPlatforms) = preSolution
		Debug|Any CPU = Debug|Any CPU
		Release|Any CPU = Release|Any CPU
	EndGlobalSection
	GlobalSection(ProjectConfigurationPlatforms) = postSolution
		{B836BF47-0AA8-4DF5-BEC4-43EC9E4E975F}.Debug|Any CPU.ActiveCfg = Debug|Any CPU
		{B836BF47-0AA8-4DF5-BEC4-43EC9E4E975F}.Debug|Any CPU.Build.0 = Debug|Any CPU
		{B836BF47-0AA8-4DF5-BEC4-43EC9E4E975F}.Release|Any CPU.ActiveCfg = Release|Any CPU
		{B836BF47-0AA8-4DF5-BEC4-43EC9E4E975F}.Release|Any CPU.Build.0 = Release|Any CPU
	EndGlobalSection
	GlobalSection(SolutionProperties) = preSolution
		HideSolutionNode = FALSE
	EndGlobalSection
	GlobalSection(ExtensibilityGlobals) = postSolution
		SolutionGuid = {AEE164BA-1DC7-4750-A54D-84C73E64EDA7}
	EndGlobalSection
EndGlobal
